// !$*UTF8*$!
{
	archiveVersion = 1;
	classes = {
	};
	objectVersion = 50;
	objects = {

/* Begin PBXBuildFile section */
		D64C05DB21B9951B006C47CA /* AppDelegate.swift in Sources */ = {isa = PBXBuildFile; fileRef = D64C05DA21B9951B006C47CA /* AppDelegate.swift */; };
		D64C05DD21B9951B006C47CA /* ViewController.swift in Sources */ = {isa = PBXBuildFile; fileRef = D64C05DC21B9951B006C47CA /* ViewController.swift */; };
		D64C05DF21B9951C006C47CA /* Assets.xcassets in Resources */ = {isa = PBXBuildFile; fileRef = D64C05DE21B9951C006C47CA /* Assets.xcassets */; };
		D64C05E221B9951C006C47CA /* Main.storyboard in Resources */ = {isa = PBXBuildFile; fileRef = D64C05E021B9951C006C47CA /* Main.storyboard */; };
		D64C05F221B99546006C47CA /* MyBuffer.swift in Sources */ = {isa = PBXBuildFile; fileRef = D64C05EC21B99546006C47CA /* MyBuffer.swift */; };
		D64C05F321B99546006C47CA /* MyRenderpass.swift in Sources */ = {isa = PBXBuildFile; fileRef = D64C05ED21B99546006C47CA /* MyRenderpass.swift */; };
		D64C05F421B99546006C47CA /* MyMetalView.swift in Sources */ = {isa = PBXBuildFile; fileRef = D64C05EE21B99546006C47CA /* MyMetalView.swift */; };
		D64C05F521B99546006C47CA /* MyShader.metal in Sources */ = {isa = PBXBuildFile; fileRef = D64C05EF21B99546006C47CA /* MyShader.metal */; };
		D64C05F621B99546006C47CA /* MyDevice.swift in Sources */ = {isa = PBXBuildFile; fileRef = D64C05F021B99546006C47CA /* MyDevice.swift */; };
		D64C05F721B99546006C47CA /* MyTriangleMesh.swift in Sources */ = {isa = PBXBuildFile; fileRef = D64C05F121B99546006C47CA /* MyTriangleMesh.swift */; };
		D64C05F921B995E3006C47CA /* MyRenderUniforms.swift in Sources */ = {isa = PBXBuildFile; fileRef = D64C05F821B995E3006C47CA /* MyRenderUniforms.swift */; };
/* End PBXBuildFile section */

/* Begin PBXFileReference section */
		D64C05D721B9951B006C47CA /* Ch5HelloUniforms.app */ = {isa = PBXFileReference; explicitFileType = wrapper.application; includeInIndex = 0; path = Ch5HelloUniforms.app; sourceTree = BUILT_PRODUCTS_DIR; };
		D64C05DA21B9951B006C47CA /* AppDelegate.swift */ = {isa = PBXFileReference; lastKnownFileType = sourcecode.swift; path = AppDelegate.swift; sourceTree = "<group>"; };
		D64C05DC21B9951B006C47CA /* ViewController.swift */ = {isa = PBXFileReference; lastKnownFileType = sourcecode.swift; path = ViewController.swift; sourceTree = "<group>"; };
		D64C05DE21B9951C006C47CA /* Assets.xcassets */ = {isa = PBXFileReference; lastKnownFileType = folder.assetcatalog; path = Assets.xcassets; sourceTree = "<group>"; };
		D64C05E121B9951C006C47CA /* Base */ = {isa = PBXFileReference; lastKnownFileType = file.storyboard; name = Base; path = Base.lproj/Main.storyboard; sourceTree = "<group>"; };
		D64C05E321B9951C006C47CA /* Info.plist */ = {isa = PBXFileReference; lastKnownFileType = text.plist.xml; path = Info.plist; sourceTree = "<group>"; };
		D64C05E421B9951C006C47CA /* Ch5HelloUniforms.entitlements */ = {isa = PBXFileReference; lastKnownFileType = text.plist.entitlements; path = Ch5HelloUniforms.entitlements; sourceTree = "<group>"; };
		D64C05EC21B99546006C47CA /* MyBuffer.swift */ = {isa = PBXFileReference; fileEncoding = 4; lastKnownFileType = sourcecode.swift; path = MyBuffer.swift; sourceTree = "<group>"; };
		D64C05ED21B99546006C47CA /* MyRenderpass.swift */ = {isa = PBXFileReference; fileEncoding = 4; lastKnownFileType = sourcecode.swift; path = MyRenderpass.swift; sourceTree = "<group>"; };
		D64C05EE21B99546006C47CA /* MyMetalView.swift */ = {isa = PBXFileReference; fileEncoding = 4; lastKnownFileType = sourcecode.swift; path = MyMetalView.swift; sourceTree = "<group>"; };
		D64C05EF21B99546006C47CA /* MyShader.metal */ = {isa = PBXFileReference; fileEncoding = 4; lastKnownFileType = sourcecode.metal; path = MyShader.metal; sourceTree = "<group>"; };
		D64C05F021B99546006C47CA /* MyDevice.swift */ = {isa = PBXFileReference; fileEncoding = 4; lastKnownFileType = sourcecode.swift; path = MyDevice.swift; sourceTree = "<group>"; };
		D64C05F121B99546006C47CA /* MyTriangleMesh.swift */ = {isa = PBXFileReference; fileEncoding = 4; lastKnownFileType = sourcecode.swift; path = MyTriangleMesh.swift; sourceTree = "<group>"; };
		D64C05F821B995E3006C47CA /* MyRenderUniforms.swift */ = {isa = PBXFileReference; lastKnownFileType = sourcecode.swift; path = MyRenderUniforms.swift; sourceTree = "<group>"; };
/* End PBXFileReference section */

/* Begin PBXFrameworksBuildPhase section */
		D64C05D421B9951B006C47CA /* Frameworks */ = {
			isa = PBXFrameworksBuildPhase;
			buildActionMask = 2147483647;
			files = (
			);
			runOnlyForDeploymentPostprocessing = 0;
		};
/* End PBXFrameworksBuildPhase section */

/* Begin PBXGroup section */
		D64C05CE21B9951B006C47CA = {
			isa = PBXGroup;
			children = (
				D64C05D921B9951B006C47CA /* Ch5HelloUniforms */,
				D64C05D821B9951B006C47CA /* Products */,
			);
			sourceTree = "<group>";
		};
		D64C05D821B9951B006C47CA /* Products */ = {
			isa = PBXGroup;
			children = (
				D64C05D721B9951B006C47CA /* Ch5HelloUniforms.app */,
			);
			name = Products;
			sourceTree = "<group>";
		};
		D64C05D921B9951B006C47CA /* Ch5HelloUniforms */ = {
			isa = PBXGroup;
			children = (
				D64C05EA21B99546006C47CA /* src */,
				D64C05DA21B9951B006C47CA /* AppDelegate.swift */,
				D64C05DC21B9951B006C47CA /* ViewController.swift */,
				D64C05DE21B9951C006C47CA /* Assets.xcassets */,
				D64C05E021B9951C006C47CA /* Main.storyboard */,
				D64C05E321B9951C006C47CA /* Info.plist */,
				D64C05E421B9951C006C47CA /* Ch5HelloUniforms.entitlements */,
			);
			path = Ch5HelloUniforms;
			sourceTree = "<group>";
		};
		D64C05EA21B99546006C47CA /* src */ = {
			isa = PBXGroup;
			children = (
				D64C05EB21B99546006C47CA /* metal */,
			);
			path = src;
			sourceTree = "<group>";
		};
		D64C05EB21B99546006C47CA /* metal */ = {
			isa = PBXGroup;
			children = (
				D64C05EC21B99546006C47CA /* MyBuffer.swift */,
				D64C05ED21B99546006C47CA /* MyRenderpass.swift */,
				D64C05EE21B99546006C47CA /* MyMetalView.swift */,
				D64C05EF21B99546006C47CA /* MyShader.metal */,
				D64C05F021B99546006C47CA /* MyDevice.swift */,
				D64C05F121B99546006C47CA /* MyTriangleMesh.swift */,
				D64C05F821B995E3006C47CA /* MyRenderUniforms.swift */,
			);
			path = metal;
			sourceTree = "<group>";
		};
/* End PBXGroup section */

/* Begin PBXNativeTarget section */
		D64C05D621B9951B006C47CA /* Ch5HelloUniforms */ = {
			isa = PBXNativeTarget;
			buildConfigurationList = D64C05E721B9951C006C47CA /* Build configuration list for PBXNativeTarget "Ch5HelloUniforms" */;
			buildPhases = (
				D64C05D321B9951B006C47CA /* Sources */,
				D64C05D421B9951B006C47CA /* Frameworks */,
				D64C05D521B9951B006C47CA /* Resources */,
			);
			buildRules = (
			);
			dependencies = (
			);
			name = Ch5HelloUniforms;
			productName = Ch5HelloUniforms;
			productReference = D64C05D721B9951B006C47CA /* Ch5HelloUniforms.app */;
			productType = "com.apple.product-type.application";
		};
/* End PBXNativeTarget section */

/* Begin PBXProject section */
		D64C05CF21B9951B006C47CA /* Project object */ = {
			isa = PBXProject;
			attributes = {
				LastSwiftUpdateCheck = 1010;
				LastUpgradeCheck = 1010;
				ORGANIZATIONNAME = ImBatman;
				TargetAttributes = {
					D64C05D621B9951B006C47CA = {
						CreatedOnToolsVersion = 10.1;
					};
				};
			};
			buildConfigurationList = D64C05D221B9951B006C47CA /* Build configuration list for PBXProject "Ch5HelloUniforms" */;
			compatibilityVersion = "Xcode 9.3";
			developmentRegion = en;
			hasScannedForEncodings = 0;
			knownRegions = (
				en,
				Base,
			);
			mainGroup = D64C05CE21B9951B006C47CA;
			productRefGroup = D64C05D821B9951B006C47CA /* Products */;
			projectDirPath = "";
			projectRoot = "";
			targets = (
				D64C05D621B9951B006C47CA /* Ch5HelloUniforms */,
			);
		};
/* End PBXProject section */

/* Begin PBXResourcesBuildPhase section */
		D64C05D521B9951B006C47CA /* Resources */ = {
			isa = PBXResourcesBuildPhase;
			buildActionMask = 2147483647;
			files = (
				D64C05DF21B9951C006C47CA /* Assets.xcassets in Resources */,
				D64C05E221B9951C006C47CA /* Main.storyboard in Resources */,
			);
			runOnlyForDeploymentPostprocessing = 0;
		};
/* End PBXResourcesBuildPhase section */

/* Begin PBXSourcesBuildPhase section */
		D64C05D321B9951B006C47CA /* Sources */ = {
			isa = PBXSourcesBuildPhase;
			buildActionMask = 2147483647;
			files = (
				D64C05F721B99546006C47CA /* MyTriangleMesh.swift in Sources */,
				D64C05F521B99546006C47CA /* MyShader.metal in Sources */,
				D64C05DD21B9951B006C47CA /* ViewController.swift in Sources */,
				D64C05DB21B9951B006C47CA /* AppDelegate.swift in Sources */,
				D64C05F621B99546006C47CA /* MyDevice.swift in Sources */,
				D64C05F421B99546006C47CA /* MyMetalView.swift in Sources */,
				D64C05F921B995E3006C47CA /* MyRenderUniforms.swift in Sources */,
				D64C05F321B99546006C47CA /* MyRenderpass.swift in Sources */,
				D64C05F221B99546006C47CA /* MyBuffer.swift in Sources */,
			);
			runOnlyForDeploymentPostprocessing = 0;
		};
/* End PBXSourcesBuildPhase section */

/* Begin PBXVariantGroup section */
		D64C05E021B9951C006C47CA /* Main.storyboard */ = {
			isa = PBXVariantGroup;
			children = (
				D64C05E121B9951C006C47CA /* Base */,
			);
			name = Main.storyboard;
			sourceTree = "<group>";
		};
/* End PBXVariantGroup section */

/* Begin XCBuildConfiguration section */
		D64C05E521B9951C006C47CA /* Debug */ = {
			isa = XCBuildConfiguration;
			buildSettings = {
				ALWAYS_SEARCH_USER_PATHS = NO;
				CLANG_ANALYZER_NONNULL = YES;
				CLANG_ANALYZER_NUMBER_OBJECT_CONVERSION = YES_AGGRESSIVE;
				CLANG_CXX_LANGUAGE_STANDARD = "gnu++14";
				CLANG_CXX_LIBRARY = "libc++";
				CLANG_ENABLE_MODULES = YES;
				CLANG_ENABLE_OBJC_ARC = YES;
				CLANG_ENABLE_OBJC_WEAK = YES;
				CLANG_WARN_BLOCK_CAPTURE_AUTORELEASING = YES;
				CLANG_WARN_BOOL_CONVERSION = YES;
				CLANG_WARN_COMMA = YES;
				CLANG_WARN_CONSTANT_CONVERSION = YES;
				CLANG_WARN_DEPRECATED_OBJC_IMPLEMENTATIONS = YES;
				CLANG_WARN_DIRECT_OBJC_ISA_USAGE = YES_ERROR;
				CLANG_WARN_DOCUMENTATION_COMMENTS = YES;
				CLANG_WARN_EMPTY_BODY = YES;
				CLANG_WARN_ENUM_CONVERSION = YES;
				CLANG_WARN_INFINITE_RECURSION = YES;
				CLANG_WARN_INT_CONVERSION = YES;
				CLANG_WARN_NON_LITERAL_NULL_CONVERSION = YES;
				CLANG_WARN_OBJC_IMPLICIT_RETAIN_SELF = YES;
				CLANG_WARN_OBJC_LITERAL_CONVERSION = YES;
				CLANG_WARN_OBJC_ROOT_CLASS = YES_ERROR;
				CLANG_WARN_RANGE_LOOP_ANALYSIS = YES;
				CLANG_WARN_STRICT_PROTOTYPES = YES;
				CLANG_WARN_SUSPICIOUS_MOVE = YES;
				CLANG_WARN_UNGUARDED_AVAILABILITY = YES_AGGRESSIVE;
				CLANG_WARN_UNREACHABLE_CODE = YES;
				CLANG_WARN__DUPLICATE_METHOD_MATCH = YES;
				CODE_SIGN_IDENTITY = "-";
				COPY_PHASE_STRIP = NO;
				DEBUG_INFORMATION_FORMAT = dwarf;
				ENABLE_STRICT_OBJC_MSGSEND = YES;
				ENABLE_TESTABILITY = YES;
				GCC_C_LANGUAGE_STANDARD = gnu11;
				GCC_DYNAMIC_NO_PIC = NO;
				GCC_NO_COMMON_BLOCKS = YES;
				GCC_OPTIMIZATION_LEVEL = 0;
				GCC_PREPROCESSOR_DEFINITIONS = (
					"DEBUG=1",
					"$(inherited)",
				);
				GCC_WARN_64_TO_32_BIT_CONVERSION = YES;
				GCC_WARN_ABOUT_RETURN_TYPE = YES_ERROR;
				GCC_WARN_UNDECLARED_SELECTOR = YES;
				GCC_WARN_UNINITIALIZED_AUTOS = YES_AGGRESSIVE;
				GCC_WARN_UNUSED_FUNCTION = YES;
				GCC_WARN_UNUSED_VARIABLE = YES;
				MACOSX_DEPLOYMENT_TARGET = 10.14;
				MTL_ENABLE_DEBUG_INFO = INCLUDE_SOURCE;
				MTL_FAST_MATH = YES;
				ONLY_ACTIVE_ARCH = YES;
				SDKROOT = macosx;
				SWIFT_ACTIVE_COMPILATION_CONDITIONS = DEBUG;
				SWIFT_OPTIMIZATION_LEVEL = "-Onone";
			};
			name = Debug;
		};
		D64C05E621B9951C006C47CA /* Release */ = {
			isa = XCBuildConfiguration;
			buildSettings = {
				ALWAYS_SEARCH_USER_PATHS = NO;
				CLANG_ANALYZER_NONNULL = YES;
				CLANG_ANALYZER_NUMBER_OBJECT_CONVERSION = YES_AGGRESSIVE;
				CLANG_CXX_LANGUAGE_STANDARD = "gnu++14";
				CLANG_CXX_LIBRARY = "libc++";
				CLANG_ENABLE_MODULES = YES;
				CLANG_ENABLE_OBJC_ARC = YES;
				CLANG_ENABLE_OBJC_WEAK = YES;
				CLANG_WARN_BLOCK_CAPTURE_AUTORELEASING = YES;
				CLANG_WARN_BOOL_CONVERSION = YES;
				CLANG_WARN_COMMA = YES;
				CLANG_WARN_CONSTANT_CONVERSION = YES;
				CLANG_WARN_DEPRECATED_OBJC_IMPLEMENTATIONS = YES;
				CLANG_WARN_DIRECT_OBJC_ISA_USAGE = YES_ERROR;
				CLANG_WARN_DOCUMENTATION_COMMENTS = YES;
				CLANG_WARN_EMPTY_BODY = YES;
				CLANG_WARN_ENUM_CONVERSION = YES;
				CLANG_WARN_INFINITE_RECURSION = YES;
				CLANG_WARN_INT_CONVERSION = YES;
				CLANG_WARN_NON_LITERAL_NULL_CONVERSION = YES;
				CLANG_WARN_OBJC_IMPLICIT_RETAIN_SELF = YES;
				CLANG_WARN_OBJC_LITERAL_CONVERSION = YES;
				CLANG_WARN_OBJC_ROOT_CLASS = YES_ERROR;
				CLANG_WARN_RANGE_LOOP_ANALYSIS = YES;
				CLANG_WARN_STRICT_PROTOTYPES = YES;
				CLANG_WARN_SUSPICIOUS_MOVE = YES;
				CLANG_WARN_UNGUARDED_AVAILABILITY = YES_AGGRESSIVE;
				CLANG_WARN_UNREACHABLE_CODE = YES;
				CLANG_WARN__DUPLICATE_METHOD_MATCH = YES;
				CODE_SIGN_IDENTITY = "-";
				COPY_PHASE_STRIP = NO;
				DEBUG_INFORMATION_FORMAT = "dwarf-with-dsym";
				ENABLE_NS_ASSERTIONS = NO;
				ENABLE_STRICT_OBJC_MSGSEND = YES;
				GCC_C_LANGUAGE_STANDARD = gnu11;
				GCC_NO_COMMON_BLOCKS = YES;
				GCC_WARN_64_TO_32_BIT_CONVERSION = YES;
				GCC_WARN_ABOUT_RETURN_TYPE = YES_ERROR;
				GCC_WARN_UNDECLARED_SELECTOR = YES;
				GCC_WARN_UNINITIALIZED_AUTOS = YES_AGGRESSIVE;
				GCC_WARN_UNUSED_FUNCTION = YES;
				GCC_WARN_UNUSED_VARIABLE = YES;
				MACOSX_DEPLOYMENT_TARGET = 10.14;
				MTL_ENABLE_DEBUG_INFO = NO;
				MTL_FAST_MATH = YES;
				SDKROOT = macosx;
				SWIFT_COMPILATION_MODE = wholemodule;
				SWIFT_OPTIMIZATION_LEVEL = "-O";
			};
			name = Release;
		};
		D64C05E821B9951C006C47CA /* Debug */ = {
			isa = XCBuildConfiguration;
			buildSettings = {
				ASSETCATALOG_COMPILER_APPICON_NAME = AppIcon;
				CODE_SIGN_ENTITLEMENTS = Ch5HelloUniforms/Ch5HelloUniforms.entitlements;
				CODE_SIGN_STYLE = Automatic;
				COMBINE_HIDPI_IMAGES = YES;
				INFOPLIST_FILE = Ch5HelloUniforms/Info.plist;
				LD_RUNPATH_SEARCH_PATHS = (
					"$(inherited)",
					"@executable_path/../Frameworks",
				);
				PRODUCT_BUNDLE_IDENTIFIER = cc.imBatamn.test.Ch5HelloUniforms;
				PRODUCT_NAME = "$(TARGET_NAME)";
				SWIFT_VERSION = 4.2;
			};
			name = Debug;
		};
		D64C05E921B9951C006C47CA /* Release */ = {
			isa = XCBuildConfiguration;
			buildSettings = {
				ASSETCATALOG_COMPILER_APPICON_NAME = AppIcon;
				CODE_SIGN_ENTITLEMENTS = Ch5HelloUniforms/Ch5HelloUniforms.entitlements;
				CODE_SIGN_STYLE = Automatic;
				COMBINE_HIDPI_IMAGES = YES;
				INFOPLIST_FILE = Ch5HelloUniforms/Info.plist;
				LD_RUNPATH_SEARCH_PATHS = (
					"$(inherited)",
					"@executable_path/../Frameworks",
				);
				PRODUCT_BUNDLE_IDENTIFIER = cc.imBatamn.test.Ch5HelloUniforms;
				PRODUCT_NAME = "$(TARGET_NAME)";
				SWIFT_VERSION = 4.2;
			};
			name = Release;
		};
/* End XCBuildConfiguration section */

/* Begin XCConfigurationList section */
		D64C05D221B9951B006C47CA /* Build configuration list for PBXProject "Ch5HelloUniforms" */ = {
			isa = XCConfigurationList;
			buildConfigurations = (
				D64C05E521B9951C006C47CA /* Debug */,
				D64C05E621B9951C006C47CA /* Release */,
			);
			defaultConfigurationIsVisible = 0;
			defaultConfigurationName = Release;
		};
		D64C05E721B9951C006C47CA /* Build configuration list for PBXNativeTarget "Ch5HelloUniforms" */ = {
			isa = XCConfigurationList;
			buildConfigurations = (
				D64C05E821B9951C006C47CA /* Debug */,
				D64C05E921B9951C006C47CA /* Release */,
			);
			defaultConfigurationIsVisible = 0;
			defaultConfigurationName = Release;
		};
/* End XCConfigurationList section */
	};
	rootObject = D64C05CF21B9951B006C47CA /* Project object */;
}
