// !$*UTF8*$!
{
	archiveVersion = 1;
	classes = {
	};
	objectVersion = 50;
	objects = {

/* Begin PBXBuildFile section */
		D6015F2B21B84A1800572181 /* AppDelegate.swift in Sources */ = {isa = PBXBuildFile; fileRef = D6015F2A21B84A1800572181 /* AppDelegate.swift */; };
		D6015F2D21B84A1800572181 /* ViewController.swift in Sources */ = {isa = PBXBuildFile; fileRef = D6015F2C21B84A1800572181 /* ViewController.swift */; };
		D6015F2F21B84A1A00572181 /* Assets.xcassets in Resources */ = {isa = PBXBuildFile; fileRef = D6015F2E21B84A1A00572181 /* Assets.xcassets */; };
		D6015F3221B84A1A00572181 /* Main.storyboard in Resources */ = {isa = PBXBuildFile; fileRef = D6015F3021B84A1A00572181 /* Main.storyboard */; };
		D6015F3D21B84A4900572181 /* MyDevice.swift in Sources */ = {isa = PBXBuildFile; fileRef = D6015F3C21B84A4900572181 /* MyDevice.swift */; };
		D6015F3F21B84ACE00572181 /* MyRenderpass.swift in Sources */ = {isa = PBXBuildFile; fileRef = D6015F3E21B84ACE00572181 /* MyRenderpass.swift */; };
		D6015F4121B84D8100572181 /* MyMetalView.swift in Sources */ = {isa = PBXBuildFile; fileRef = D6015F4021B84D8100572181 /* MyMetalView.swift */; };
		D6015F4321B850CA00572181 /* MyTriangleMesh.swift in Sources */ = {isa = PBXBuildFile; fileRef = D6015F4221B850CA00572181 /* MyTriangleMesh.swift */; };
		D6015F4521B8536F00572181 /* MyShader.metal in Sources */ = {isa = PBXBuildFile; fileRef = D6015F4421B8536E00572181 /* MyShader.metal */; };
/* End PBXBuildFile section */

/* Begin PBXFileReference section */
		D6015F2721B84A1800572181 /* Ch1Example2HelloTriangle.app */ = {isa = PBXFileReference; explicitFileType = wrapper.application; includeInIndex = 0; path = Ch1Example2HelloTriangle.app; sourceTree = BUILT_PRODUCTS_DIR; };
		D6015F2A21B84A1800572181 /* AppDelegate.swift */ = {isa = PBXFileReference; lastKnownFileType = sourcecode.swift; path = AppDelegate.swift; sourceTree = "<group>"; };
		D6015F2C21B84A1800572181 /* ViewController.swift */ = {isa = PBXFileReference; lastKnownFileType = sourcecode.swift; path = ViewController.swift; sourceTree = "<group>"; };
		D6015F2E21B84A1A00572181 /* Assets.xcassets */ = {isa = PBXFileReference; lastKnownFileType = folder.assetcatalog; path = Assets.xcassets; sourceTree = "<group>"; };
		D6015F3121B84A1A00572181 /* Base */ = {isa = PBXFileReference; lastKnownFileType = file.storyboard; name = Base; path = Base.lproj/Main.storyboard; sourceTree = "<group>"; };
		D6015F3321B84A1A00572181 /* Info.plist */ = {isa = PBXFileReference; lastKnownFileType = text.plist.xml; path = Info.plist; sourceTree = "<group>"; };
		D6015F3421B84A1A00572181 /* Ch1Example2HelloTriangle.entitlements */ = {isa = PBXFileReference; lastKnownFileType = text.plist.entitlements; path = Ch1Example2HelloTriangle.entitlements; sourceTree = "<group>"; };
		D6015F3C21B84A4900572181 /* MyDevice.swift */ = {isa = PBXFileReference; lastKnownFileType = sourcecode.swift; path = MyDevice.swift; sourceTree = "<group>"; };
		D6015F3E21B84ACE00572181 /* MyRenderpass.swift */ = {isa = PBXFileReference; lastKnownFileType = sourcecode.swift; path = MyRenderpass.swift; sourceTree = "<group>"; };
		D6015F4021B84D8100572181 /* MyMetalView.swift */ = {isa = PBXFileReference; lastKnownFileType = sourcecode.swift; path = MyMetalView.swift; sourceTree = "<group>"; };
		D6015F4221B850CA00572181 /* MyTriangleMesh.swift */ = {isa = PBXFileReference; lastKnownFileType = sourcecode.swift; path = MyTriangleMesh.swift; sourceTree = "<group>"; };
		D6015F4421B8536E00572181 /* MyShader.metal */ = {isa = PBXFileReference; lastKnownFileType = sourcecode.metal; path = MyShader.metal; sourceTree = "<group>"; };
/* End PBXFileReference section */

/* Begin PBXFrameworksBuildPhase section */
		D6015F2421B84A1800572181 /* Frameworks */ = {
			isa = PBXFrameworksBuildPhase;
			buildActionMask = 2147483647;
			files = (
			);
			runOnlyForDeploymentPostprocessing = 0;
		};
/* End PBXFrameworksBuildPhase section */

/* Begin PBXGroup section */
		D6015F1E21B84A1800572181 = {
			isa = PBXGroup;
			children = (
				D6015F2921B84A1800572181 /* Ch1Example2HelloTriangle */,
				D6015F2821B84A1800572181 /* Products */,
			);
			sourceTree = "<group>";
		};
		D6015F2821B84A1800572181 /* Products */ = {
			isa = PBXGroup;
			children = (
				D6015F2721B84A1800572181 /* Ch1Example2HelloTriangle.app */,
			);
			name = Products;
			sourceTree = "<group>";
		};
		D6015F2921B84A1800572181 /* Ch1Example2HelloTriangle */ = {
			isa = PBXGroup;
			children = (
				D6015F3A21B84A2B00572181 /* src */,
				D6015F2A21B84A1800572181 /* AppDelegate.swift */,
				D6015F2C21B84A1800572181 /* ViewController.swift */,
				D6015F2E21B84A1A00572181 /* Assets.xcassets */,
				D6015F3021B84A1A00572181 /* Main.storyboard */,
				D6015F3321B84A1A00572181 /* Info.plist */,
				D6015F3421B84A1A00572181 /* Ch1Example2HelloTriangle.entitlements */,
			);
			path = Ch1Example2HelloTriangle;
			sourceTree = "<group>";
		};
		D6015F3A21B84A2B00572181 /* src */ = {
			isa = PBXGroup;
			children = (
				D6015F3B21B84A3600572181 /* metal */,
			);
			path = src;
			sourceTree = "<group>";
		};
		D6015F3B21B84A3600572181 /* metal */ = {
			isa = PBXGroup;
			children = (
				D6015F3C21B84A4900572181 /* MyDevice.swift */,
				D6015F3E21B84ACE00572181 /* MyRenderpass.swift */,
				D6015F4221B850CA00572181 /* MyTriangleMesh.swift */,
				D6015F4021B84D8100572181 /* MyMetalView.swift */,
				D6015F4421B8536E00572181 /* MyShader.metal */,
			);
			path = metal;
			sourceTree = "<group>";
		};
/* End PBXGroup section */

/* Begin PBXNativeTarget section */
		D6015F2621B84A1800572181 /* Ch1Example2HelloTriangle */ = {
			isa = PBXNativeTarget;
			buildConfigurationList = D6015F3721B84A1A00572181 /* Build configuration list for PBXNativeTarget "Ch1Example2HelloTriangle" */;
			buildPhases = (
				D6015F2321B84A1800572181 /* Sources */,
				D6015F2421B84A1800572181 /* Frameworks */,
				D6015F2521B84A1800572181 /* Resources */,
			);
			buildRules = (
			);
			dependencies = (
			);
			name = Ch1Example2HelloTriangle;
			productName = Ch1Example2HelloTriangle;
			productReference = D6015F2721B84A1800572181 /* Ch1Example2HelloTriangle.app */;
			productType = "com.apple.product-type.application";
		};
/* End PBXNativeTarget section */

/* Begin PBXProject section */
		D6015F1F21B84A1800572181 /* Project object */ = {
			isa = PBXProject;
			attributes = {
				LastSwiftUpdateCheck = 1010;
				LastUpgradeCheck = 1010;
				ORGANIZATIONNAME = ImBatman;
				TargetAttributes = {
					D6015F2621B84A1800572181 = {
						CreatedOnToolsVersion = 10.1;
					};
				};
			};
			buildConfigurationList = D6015F2221B84A1800572181 /* Build configuration list for PBXProject "Ch1Example2HelloTriangle" */;
			compatibilityVersion = "Xcode 9.3";
			developmentRegion = en;
			hasScannedForEncodings = 0;
			knownRegions = (
				en,
				Base,
			);
			mainGroup = D6015F1E21B84A1800572181;
			productRefGroup = D6015F2821B84A1800572181 /* Products */;
			projectDirPath = "";
			projectRoot = "";
			targets = (
				D6015F2621B84A1800572181 /* Ch1Example2HelloTriangle */,
			);
		};
/* End PBXProject section */

/* Begin PBXResourcesBuildPhase section */
		D6015F2521B84A1800572181 /* Resources */ = {
			isa = PBXResourcesBuildPhase;
			buildActionMask = 2147483647;
			files = (
				D6015F2F21B84A1A00572181 /* Assets.xcassets in Resources */,
				D6015F3221B84A1A00572181 /* Main.storyboard in Resources */,
			);
			runOnlyForDeploymentPostprocessing = 0;
		};
/* End PBXResourcesBuildPhase section */

/* Begin PBXSourcesBuildPhase section */
		D6015F2321B84A1800572181 /* Sources */ = {
			isa = PBXSourcesBuildPhase;
			buildActionMask = 2147483647;
			files = (
				D6015F2D21B84A1800572181 /* ViewController.swift in Sources */,
				D6015F3D21B84A4900572181 /* MyDevice.swift in Sources */,
				D6015F4121B84D8100572181 /* MyMetalView.swift in Sources */,
				D6015F3F21B84ACE00572181 /* MyRenderpass.swift in Sources */,
				D6015F4321B850CA00572181 /* MyTriangleMesh.swift in Sources */,
				D6015F2B21B84A1800572181 /* AppDelegate.swift in Sources */,
				D6015F4521B8536F00572181 /* MyShader.metal in Sources */,
			);
			runOnlyForDeploymentPostprocessing = 0;
		};
/* End PBXSourcesBuildPhase section */

/* Begin PBXVariantGroup section */
		D6015F3021B84A1A00572181 /* Main.storyboard */ = {
			isa = PBXVariantGroup;
			children = (
				D6015F3121B84A1A00572181 /* Base */,
			);
			name = Main.storyboard;
			sourceTree = "<group>";
		};
/* End PBXVariantGroup section */

/* Begin XCBuildConfiguration section */
		D6015F3521B84A1A00572181 /* Debug */ = {
			isa = XCBuildConfiguration;
			buildSettings = {
				ALWAYS_SEARCH_USER_PATHS = NO;
				CLANG_ANALYZER_NONNULL = YES;
				CLANG_ANALYZER_NUMBER_OBJECT_CONVERSION = YES_AGGRESSIVE;
				CLANG_CXX_LANGUAGE_STANDARD = "gnu++14";
				CLANG_CXX_LIBRARY = "libc++";
				CLANG_ENABLE_MODULES = YES;
				CLANG_ENABLE_OBJC_ARC = YES;
				CLANG_ENABLE_OBJC_WEAK = YES;
				CLANG_WARN_BLOCK_CAPTURE_AUTORELEASING = YES;
				CLANG_WARN_BOOL_CONVERSION = YES;
				CLANG_WARN_COMMA = YES;
				CLANG_WARN_CONSTANT_CONVERSION = YES;
				CLANG_WARN_DEPRECATED_OBJC_IMPLEMENTATIONS = YES;
				CLANG_WARN_DIRECT_OBJC_ISA_USAGE = YES_ERROR;
				CLANG_WARN_DOCUMENTATION_COMMENTS = YES;
				CLANG_WARN_EMPTY_BODY = YES;
				CLANG_WARN_ENUM_CONVERSION = YES;
				CLANG_WARN_INFINITE_RECURSION = YES;
				CLANG_WARN_INT_CONVERSION = YES;
				CLANG_WARN_NON_LITERAL_NULL_CONVERSION = YES;
				CLANG_WARN_OBJC_IMPLICIT_RETAIN_SELF = YES;
				CLANG_WARN_OBJC_LITERAL_CONVERSION = YES;
				CLANG_WARN_OBJC_ROOT_CLASS = YES_ERROR;
				CLANG_WARN_RANGE_LOOP_ANALYSIS = YES;
				CLANG_WARN_STRICT_PROTOTYPES = YES;
				CLANG_WARN_SUSPICIOUS_MOVE = YES;
				CLANG_WARN_UNGUARDED_AVAILABILITY = YES_AGGRESSIVE;
				CLANG_WARN_UNREACHABLE_CODE = YES;
				CLANG_WARN__DUPLICATE_METHOD_MATCH = YES;
				CODE_SIGN_IDENTITY = "-";
				COPY_PHASE_STRIP = NO;
				DEBUG_INFORMATION_FORMAT = dwarf;
				ENABLE_STRICT_OBJC_MSGSEND = YES;
				ENABLE_TESTABILITY = YES;
				GCC_C_LANGUAGE_STANDARD = gnu11;
				GCC_DYNAMIC_NO_PIC = NO;
				GCC_NO_COMMON_BLOCKS = YES;
				GCC_OPTIMIZATION_LEVEL = 0;
				GCC_PREPROCESSOR_DEFINITIONS = (
					"DEBUG=1",
					"$(inherited)",
				);
				GCC_WARN_64_TO_32_BIT_CONVERSION = YES;
				GCC_WARN_ABOUT_RETURN_TYPE = YES_ERROR;
				GCC_WARN_UNDECLARED_SELECTOR = YES;
				GCC_WARN_UNINITIALIZED_AUTOS = YES_AGGRESSIVE;
				GCC_WARN_UNUSED_FUNCTION = YES;
				GCC_WARN_UNUSED_VARIABLE = YES;
				MACOSX_DEPLOYMENT_TARGET = 10.14;
				MTL_ENABLE_DEBUG_INFO = INCLUDE_SOURCE;
				MTL_FAST_MATH = YES;
				ONLY_ACTIVE_ARCH = YES;
				SDKROOT = macosx;
				SWIFT_ACTIVE_COMPILATION_CONDITIONS = DEBUG;
				SWIFT_OPTIMIZATION_LEVEL = "-Onone";
			};
			name = Debug;
		};
		D6015F3621B84A1A00572181 /* Release */ = {
			isa = XCBuildConfiguration;
			buildSettings = {
				ALWAYS_SEARCH_USER_PATHS = NO;
				CLANG_ANALYZER_NONNULL = YES;
				CLANG_ANALYZER_NUMBER_OBJECT_CONVERSION = YES_AGGRESSIVE;
				CLANG_CXX_LANGUAGE_STANDARD = "gnu++14";
				CLANG_CXX_LIBRARY = "libc++";
				CLANG_ENABLE_MODULES = YES;
				CLANG_ENABLE_OBJC_ARC = YES;
				CLANG_ENABLE_OBJC_WEAK = YES;
				CLANG_WARN_BLOCK_CAPTURE_AUTORELEASING = YES;
				CLANG_WARN_BOOL_CONVERSION = YES;
				CLANG_WARN_COMMA = YES;
				CLANG_WARN_CONSTANT_CONVERSION = YES;
				CLANG_WARN_DEPRECATED_OBJC_IMPLEMENTATIONS = YES;
				CLANG_WARN_DIRECT_OBJC_ISA_USAGE = YES_ERROR;
				CLANG_WARN_DOCUMENTATION_COMMENTS = YES;
				CLANG_WARN_EMPTY_BODY = YES;
				CLANG_WARN_ENUM_CONVERSION = YES;
				CLANG_WARN_INFINITE_RECURSION = YES;
				CLANG_WARN_INT_CONVERSION = YES;
				CLANG_WARN_NON_LITERAL_NULL_CONVERSION = YES;
				CLANG_WARN_OBJC_IMPLICIT_RETAIN_SELF = YES;
				CLANG_WARN_OBJC_LITERAL_CONVERSION = YES;
				CLANG_WARN_OBJC_ROOT_CLASS = YES_ERROR;
				CLANG_WARN_RANGE_LOOP_ANALYSIS = YES;
				CLANG_WARN_STRICT_PROTOTYPES = YES;
				CLANG_WARN_SUSPICIOUS_MOVE = YES;
				CLANG_WARN_UNGUARDED_AVAILABILITY = YES_AGGRESSIVE;
				CLANG_WARN_UNREACHABLE_CODE = YES;
				CLANG_WARN__DUPLICATE_METHOD_MATCH = YES;
				CODE_SIGN_IDENTITY = "-";
				COPY_PHASE_STRIP = NO;
				DEBUG_INFORMATION_FORMAT = "dwarf-with-dsym";
				ENABLE_NS_ASSERTIONS = NO;
				ENABLE_STRICT_OBJC_MSGSEND = YES;
				GCC_C_LANGUAGE_STANDARD = gnu11;
				GCC_NO_COMMON_BLOCKS = YES;
				GCC_WARN_64_TO_32_BIT_CONVERSION = YES;
				GCC_WARN_ABOUT_RETURN_TYPE = YES_ERROR;
				GCC_WARN_UNDECLARED_SELECTOR = YES;
				GCC_WARN_UNINITIALIZED_AUTOS = YES_AGGRESSIVE;
				GCC_WARN_UNUSED_FUNCTION = YES;
				GCC_WARN_UNUSED_VARIABLE = YES;
				MACOSX_DEPLOYMENT_TARGET = 10.14;
				MTL_ENABLE_DEBUG_INFO = NO;
				MTL_FAST_MATH = YES;
				SDKROOT = macosx;
				SWIFT_COMPILATION_MODE = wholemodule;
				SWIFT_OPTIMIZATION_LEVEL = "-O";
			};
			name = Release;
		};
		D6015F3821B84A1A00572181 /* Debug */ = {
			isa = XCBuildConfiguration;
			buildSettings = {
				ASSETCATALOG_COMPILER_APPICON_NAME = AppIcon;
				CODE_SIGN_ENTITLEMENTS = Ch1Example2HelloTriangle/Ch1Example2HelloTriangle.entitlements;
				CODE_SIGN_STYLE = Automatic;
				COMBINE_HIDPI_IMAGES = YES;
				INFOPLIST_FILE = Ch1Example2HelloTriangle/Info.plist;
				LD_RUNPATH_SEARCH_PATHS = (
					"$(inherited)",
					"@executable_path/../Frameworks",
				);
				PRODUCT_BUNDLE_IDENTIFIER = cc.imBatamn.test.Ch1Example2HelloTriangle;
				PRODUCT_NAME = "$(TARGET_NAME)";
				SWIFT_VERSION = 4.2;
			};
			name = Debug;
		};
		D6015F3921B84A1A00572181 /* Release */ = {
			isa = XCBuildConfiguration;
			buildSettings = {
				ASSETCATALOG_COMPILER_APPICON_NAME = AppIcon;
				CODE_SIGN_ENTITLEMENTS = Ch1Example2HelloTriangle/Ch1Example2HelloTriangle.entitlements;
				CODE_SIGN_STYLE = Automatic;
				COMBINE_HIDPI_IMAGES = YES;
				INFOPLIST_FILE = Ch1Example2HelloTriangle/Info.plist;
				LD_RUNPATH_SEARCH_PATHS = (
					"$(inherited)",
					"@executable_path/../Frameworks",
				);
				PRODUCT_BUNDLE_IDENTIFIER = cc.imBatamn.test.Ch1Example2HelloTriangle;
				PRODUCT_NAME = "$(TARGET_NAME)";
				SWIFT_VERSION = 4.2;
			};
			name = Release;
		};
/* End XCBuildConfiguration section */

/* Begin XCConfigurationList section */
		D6015F2221B84A1800572181 /* Build configuration list for PBXProject "Ch1Example2HelloTriangle" */ = {
			isa = XCConfigurationList;
			buildConfigurations = (
				D6015F3521B84A1A00572181 /* Debug */,
				D6015F3621B84A1A00572181 /* Release */,
			);
			defaultConfigurationIsVisible = 0;
			defaultConfigurationName = Release;
		};
		D6015F3721B84A1A00572181 /* Build configuration list for PBXNativeTarget "Ch1Example2HelloTriangle" */ = {
			isa = XCConfigurationList;
			buildConfigurations = (
				D6015F3821B84A1A00572181 /* Debug */,
				D6015F3921B84A1A00572181 /* Release */,
			);
			defaultConfigurationIsVisible = 0;
			defaultConfigurationName = Release;
		};
/* End XCConfigurationList section */
	};
	rootObject = D6015F1F21B84A1800572181 /* Project object */;
}
